// !$*UTF8*$!
{
	archiveVersion = 1;
	classes = {
	};
	objectVersion = 50;
	objects = {

/* Begin PBXBuildFile section */
		2C4C20882093097C00DB5DAA /* AppDelegate.swift in Sources */ = {isa = PBXBuildFile; fileRef = 2C4C20872093097C00DB5DAA /* AppDelegate.swift */; };
		2C4C208A2093097C00DB5DAA /* ViewController.swift in Sources */ = {isa = PBXBuildFile; fileRef = 2C4C20892093097C00DB5DAA /* ViewController.swift */; };
		2C4C208D2093097C00DB5DAA /* Main.storyboard in Resources */ = {isa = PBXBuildFile; fileRef = 2C4C208B2093097C00DB5DAA /* Main.storyboard */; };
		2C4C208F2093097C00DB5DAA /* Assets.xcassets in Resources */ = {isa = PBXBuildFile; fileRef = 2C4C208E2093097C00DB5DAA /* Assets.xcassets */; };
		2C4C20922093097C00DB5DAA /* LaunchScreen.storyboard in Resources */ = {isa = PBXBuildFile; fileRef = 2C4C20902093097C00DB5DAA /* LaunchScreen.storyboard */; };
		2C4C209A20930E5E00DB5DAA /* ViewController+UIImagePickerControllerDelegate.swift in Sources */ = {isa = PBXBuildFile; fileRef = 2C4C209920930E5E00DB5DAA /* ViewController+UIImagePickerControllerDelegate.swift */; };
/* End PBXBuildFile section */

/* Begin PBXFileReference section */
		2C4C20842093097C00DB5DAA /* LetterRecognition.app */ = {isa = PBXFileReference; explicitFileType = wrapper.application; includeInIndex = 0; path = LetterRecognition.app; sourceTree = BUILT_PRODUCTS_DIR; };
		2C4C20872093097C00DB5DAA /* AppDelegate.swift */ = {isa = PBXFileReference; lastKnownFileType = sourcecode.swift; path = AppDelegate.swift; sourceTree = "<group>"; };
		2C4C20892093097C00DB5DAA /* ViewController.swift */ = {isa = PBXFileReference; lastKnownFileType = sourcecode.swift; path = ViewController.swift; sourceTree = "<group>"; };
		2C4C208C2093097C00DB5DAA /* Base */ = {isa = PBXFileReference; lastKnownFileType = file.storyboard; name = Base; path = Base.lproj/Main.storyboard; sourceTree = "<group>"; };
		2C4C208E2093097C00DB5DAA /* Assets.xcassets */ = {isa = PBXFileReference; lastKnownFileType = folder.assetcatalog; path = Assets.xcassets; sourceTree = "<group>"; };
		2C4C20912093097C00DB5DAA /* Base */ = {isa = PBXFileReference; lastKnownFileType = file.storyboard; name = Base; path = Base.lproj/LaunchScreen.storyboard; sourceTree = "<group>"; };
		2C4C20932093097D00DB5DAA /* Info.plist */ = {isa = PBXFileReference; lastKnownFileType = text.plist.xml; path = Info.plist; sourceTree = "<group>"; };
		2C4C209920930E5E00DB5DAA /* ViewController+UIImagePickerControllerDelegate.swift */ = {isa = PBXFileReference; lastKnownFileType = sourcecode.swift; path = "ViewController+UIImagePickerControllerDelegate.swift"; sourceTree = "<group>"; };
/* End PBXFileReference section */

/* Begin PBXFrameworksBuildPhase section */
		2C4C20812093097C00DB5DAA /* Frameworks */ = {
			isa = PBXFrameworksBuildPhase;
			buildActionMask = 2147483647;
			files = (
			);
			runOnlyForDeploymentPostprocessing = 0;
		};
/* End PBXFrameworksBuildPhase section */

/* Begin PBXGroup section */
		2C4C207B2093097C00DB5DAA = {
			isa = PBXGroup;
			children = (
				2C4C20862093097C00DB5DAA /* LetterRecognition */,
				2C4C20852093097C00DB5DAA /* Products */,
			);
			sourceTree = "<group>";
		};
		2C4C20852093097C00DB5DAA /* Products */ = {
			isa = PBXGroup;
			children = (
				2C4C20842093097C00DB5DAA /* LetterRecognition.app */,
			);
			name = Products;
			sourceTree = "<group>";
		};
		2C4C20862093097C00DB5DAA /* LetterRecognition */ = {
			isa = PBXGroup;
			children = (
				2C4C209B20930E6100DB5DAA /* ViewController */,
				2C4C209C20930E6C00DB5DAA /* Storyboards */,
				2C4C209D20930E7B00DB5DAA /* SupportingFiles */,
			);
			path = LetterRecognition;
			sourceTree = "<group>";
		};
		2C4C209B20930E6100DB5DAA /* ViewController */ = {
			isa = PBXGroup;
			children = (
				2C4C20892093097C00DB5DAA /* ViewController.swift */,
				2C4C209920930E5E00DB5DAA /* ViewController+UIImagePickerControllerDelegate.swift */,
			);
			path = ViewController;
			sourceTree = "<group>";
		};
		2C4C209C20930E6C00DB5DAA /* Storyboards */ = {
			isa = PBXGroup;
			children = (
				2C4C208B2093097C00DB5DAA /* Main.storyboard */,
				2C4C20902093097C00DB5DAA /* LaunchScreen.storyboard */,
			);
			path = Storyboards;
			sourceTree = "<group>";
		};
		2C4C209D20930E7B00DB5DAA /* SupportingFiles */ = {
			isa = PBXGroup;
			children = (
				2C4C20872093097C00DB5DAA /* AppDelegate.swift */,
				2C4C208E2093097C00DB5DAA /* Assets.xcassets */,
				2C4C20932093097D00DB5DAA /* Info.plist */,
			);
			path = SupportingFiles;
			sourceTree = "<group>";
		};
/* End PBXGroup section */

/* Begin PBXNativeTarget section */
		2C4C20832093097C00DB5DAA /* LetterRecognition */ = {
			isa = PBXNativeTarget;
			buildConfigurationList = 2C4C20962093097D00DB5DAA /* Build configuration list for PBXNativeTarget "LetterRecognition" */;
			buildPhases = (
				2C4C20802093097C00DB5DAA /* Sources */,
				2C4C20812093097C00DB5DAA /* Frameworks */,
				2C4C20822093097C00DB5DAA /* Resources */,
			);
			buildRules = (
			);
			dependencies = (
			);
			name = LetterRecognition;
			productName = LetterRecognition;
			productReference = 2C4C20842093097C00DB5DAA /* LetterRecognition.app */;
			productType = "com.apple.product-type.application";
		};
/* End PBXNativeTarget section */

/* Begin PBXProject section */
		2C4C207C2093097C00DB5DAA /* Project object */ = {
			isa = PBXProject;
			attributes = {
				LastSwiftUpdateCheck = 0930;
				LastUpgradeCheck = 0930;
				ORGANIZATIONNAME = Ivan;
				TargetAttributes = {
					2C4C20832093097C00DB5DAA = {
						CreatedOnToolsVersion = 9.3;
					};
				};
			};
			buildConfigurationList = 2C4C207F2093097C00DB5DAA /* Build configuration list for PBXProject "LetterRecognition" */;
			compatibilityVersion = "Xcode 9.3";
			developmentRegion = en;
			hasScannedForEncodings = 0;
			knownRegions = (
				en,
				Base,
			);
			mainGroup = 2C4C207B2093097C00DB5DAA;
			productRefGroup = 2C4C20852093097C00DB5DAA /* Products */;
			projectDirPath = "";
			projectRoot = "";
			targets = (
				2C4C20832093097C00DB5DAA /* LetterRecognition */,
			);
		};
/* End PBXProject section */

/* Begin PBXResourcesBuildPhase section */
		2C4C20822093097C00DB5DAA /* Resources */ = {
			isa = PBXResourcesBuildPhase;
			buildActionMask = 2147483647;
			files = (
				2C4C20922093097C00DB5DAA /* LaunchScreen.storyboard in Resources */,
				2C4C208F2093097C00DB5DAA /* Assets.xcassets in Resources */,
				2C4C208D2093097C00DB5DAA /* Main.storyboard in Resources */,
			);
			runOnlyForDeploymentPostprocessing = 0;
		};
/* End PBXResourcesBuildPhase section */

/* Begin PBXSourcesBuildPhase section */
		2C4C20802093097C00DB5DAA /* Sources */ = {
			isa = PBXSourcesBuildPhase;
			buildActionMask = 2147483647;
			files = (
				2C4C208A2093097C00DB5DAA /* ViewController.swift in Sources */,
				2C4C209A20930E5E00DB5DAA /* ViewController+UIImagePickerControllerDelegate.swift in Sources */,
				2C4C20882093097C00DB5DAA /* AppDelegate.swift in Sources */,
			);
			runOnlyForDeploymentPostprocessing = 0;
		};
/* End PBXSourcesBuildPhase section */

/* Begin PBXVariantGroup section */
		2C4C208B2093097C00DB5DAA /* Main.storyboard */ = {
			isa = PBXVariantGroup;
			children = (
				2C4C208C2093097C00DB5DAA /* Base */,
			);
			name = Main.storyboard;
			sourceTree = "<group>";
		};
		2C4C20902093097C00DB5DAA /* LaunchScreen.storyboard */ = {
			isa = PBXVariantGroup;
			children = (
				2C4C20912093097C00DB5DAA /* Base */,
			);
			name = LaunchScreen.storyboard;
			sourceTree = "<group>";
		};
/* End PBXVariantGroup section */

/* Begin XCBuildConfiguration section */
		2C4C20942093097D00DB5DAA /* Debug */ = {
			isa = XCBuildConfiguration;
			buildSettings = {
				ALWAYS_SEARCH_USER_PATHS = NO;
				CLANG_ANALYZER_NONNULL = YES;
				CLANG_ANALYZER_NUMBER_OBJECT_CONVERSION = YES_AGGRESSIVE;
				CLANG_CXX_LANGUAGE_STANDARD = "gnu++14";
				CLANG_CXX_LIBRARY = "libc++";
				CLANG_ENABLE_MODULES = YES;
				CLANG_ENABLE_OBJC_ARC = YES;
				CLANG_ENABLE_OBJC_WEAK = YES;
				CLANG_WARN_BLOCK_CAPTURE_AUTORELEASING = YES;
				CLANG_WARN_BOOL_CONVERSION = YES;
				CLANG_WARN_COMMA = YES;
				CLANG_WARN_CONSTANT_CONVERSION = YES;
				CLANG_WARN_DEPRECATED_OBJC_IMPLEMENTATIONS = YES;
				CLANG_WARN_DIRECT_OBJC_ISA_USAGE = YES_ERROR;
				CLANG_WARN_DOCUMENTATION_COMMENTS = YES;
				CLANG_WARN_EMPTY_BODY = YES;
				CLANG_WARN_ENUM_CONVERSION = YES;
				CLANG_WARN_INFINITE_RECURSION = YES;
				CLANG_WARN_INT_CONVERSION = YES;
				CLANG_WARN_NON_LITERAL_NULL_CONVERSION = YES;
				CLANG_WARN_OBJC_IMPLICIT_RETAIN_SELF = YES;
				CLANG_WARN_OBJC_LITERAL_CONVERSION = YES;
				CLANG_WARN_OBJC_ROOT_CLASS = YES_ERROR;
				CLANG_WARN_RANGE_LOOP_ANALYSIS = YES;
				CLANG_WARN_STRICT_PROTOTYPES = YES;
				CLANG_WARN_SUSPICIOUS_MOVE = YES;
				CLANG_WARN_UNGUARDED_AVAILABILITY = YES_AGGRESSIVE;
				CLANG_WARN_UNREACHABLE_CODE = YES;
				CLANG_WARN__DUPLICATE_METHOD_MATCH = YES;
				CODE_SIGN_IDENTITY = "iPhone Developer";
				COPY_PHASE_STRIP = NO;
				DEBUG_INFORMATION_FORMAT = dwarf;
				ENABLE_STRICT_OBJC_MSGSEND = YES;
				ENABLE_TESTABILITY = YES;
				GCC_C_LANGUAGE_STANDARD = gnu11;
				GCC_DYNAMIC_NO_PIC = NO;
				GCC_NO_COMMON_BLOCKS = YES;
				GCC_OPTIMIZATION_LEVEL = 0;
				GCC_PREPROCESSOR_DEFINITIONS = (
					"DEBUG=1",
					"$(inherited)",
				);
				GCC_WARN_64_TO_32_BIT_CONVERSION = YES;
				GCC_WARN_ABOUT_RETURN_TYPE = YES_ERROR;
				GCC_WARN_UNDECLARED_SELECTOR = YES;
				GCC_WARN_UNINITIALIZED_AUTOS = YES_AGGRESSIVE;
				GCC_WARN_UNUSED_FUNCTION = YES;
				GCC_WARN_UNUSED_VARIABLE = YES;
				IPHONEOS_DEPLOYMENT_TARGET = 11.3;
				MTL_ENABLE_DEBUG_INFO = YES;
				ONLY_ACTIVE_ARCH = YES;
				SDKROOT = iphoneos;
				SWIFT_ACTIVE_COMPILATION_CONDITIONS = DEBUG;
				SWIFT_OPTIMIZATION_LEVEL = "-Onone";
			};
			name = Debug;
		};
		2C4C20952093097D00DB5DAA /* Release */ = {
			isa = XCBuildConfiguration;
			buildSettings = {
				ALWAYS_SEARCH_USER_PATHS = NO;
				CLANG_ANALYZER_NONNULL = YES;
				CLANG_ANALYZER_NUMBER_OBJECT_CONVERSION = YES_AGGRESSIVE;
				CLANG_CXX_LANGUAGE_STANDARD = "gnu++14";
				CLANG_CXX_LIBRARY = "libc++";
				CLANG_ENABLE_MODULES = YES;
				CLANG_ENABLE_OBJC_ARC = YES;
				CLANG_ENABLE_OBJC_WEAK = YES;
				CLANG_WARN_BLOCK_CAPTURE_AUTORELEASING = YES;
				CLANG_WARN_BOOL_CONVERSION = YES;
				CLANG_WARN_COMMA = YES;
				CLANG_WARN_CONSTANT_CONVERSION = YES;
				CLANG_WARN_DEPRECATED_OBJC_IMPLEMENTATIONS = YES;
				CLANG_WARN_DIRECT_OBJC_ISA_USAGE = YES_ERROR;
				CLANG_WARN_DOCUMENTATION_COMMENTS = YES;
				CLANG_WARN_EMPTY_BODY = YES;
				CLANG_WARN_ENUM_CONVERSION = YES;
				CLANG_WARN_INFINITE_RECURSION = YES;
				CLANG_WARN_INT_CONVERSION = YES;
				CLANG_WARN_NON_LITERAL_NULL_CONVERSION = YES;
				CLANG_WARN_OBJC_IMPLICIT_RETAIN_SELF = YES;
				CLANG_WARN_OBJC_LITERAL_CONVERSION = YES;
				CLANG_WARN_OBJC_ROOT_CLASS = YES_ERROR;
				CLANG_WARN_RANGE_LOOP_ANALYSIS = YES;
				CLANG_WARN_STRICT_PROTOTYPES = YES;
				CLANG_WARN_SUSPICIOUS_MOVE = YES;
				CLANG_WARN_UNGUARDED_AVAILABILITY = YES_AGGRESSIVE;
				CLANG_WARN_UNREACHABLE_CODE = YES;
				CLANG_WARN__DUPLICATE_METHOD_MATCH = YES;
				CODE_SIGN_IDENTITY = "iPhone Developer";
				COPY_PHASE_STRIP = NO;
				DEBUG_INFORMATION_FORMAT = "dwarf-with-dsym";
				ENABLE_NS_ASSERTIONS = NO;
				ENABLE_STRICT_OBJC_MSGSEND = YES;
				GCC_C_LANGUAGE_STANDARD = gnu11;
				GCC_NO_COMMON_BLOCKS = YES;
				GCC_WARN_64_TO_32_BIT_CONVERSION = YES;
				GCC_WARN_ABOUT_RETURN_TYPE = YES_ERROR;
				GCC_WARN_UNDECLARED_SELECTOR = YES;
				GCC_WARN_UNINITIALIZED_AUTOS = YES_AGGRESSIVE;
				GCC_WARN_UNUSED_FUNCTION = YES;
				GCC_WARN_UNUSED_VARIABLE = YES;
				IPHONEOS_DEPLOYMENT_TARGET = 11.3;
				MTL_ENABLE_DEBUG_INFO = NO;
				SDKROOT = iphoneos;
				SWIFT_COMPILATION_MODE = wholemodule;
				SWIFT_OPTIMIZATION_LEVEL = "-O";
				VALIDATE_PRODUCT = YES;
			};
			name = Release;
		};
		2C4C20972093097D00DB5DAA /* Debug */ = {
			isa = XCBuildConfiguration;
			buildSettings = {
				ASSETCATALOG_COMPILER_APPICON_NAME = AppIcon;
				CODE_SIGN_STYLE = Automatic;
				DEVELOPMENT_TEAM = JXCL7H2Z3W;
				INFOPLIST_FILE = LetterRecognition/SupportingFiles/Info.plist;
				LD_RUNPATH_SEARCH_PATHS = (
					"$(inherited)",
					"@executable_path/Frameworks",
				);
				PRODUCT_BUNDLE_IDENTIFIER = com.Ivan.LetterRecognition;
				PRODUCT_NAME = "$(TARGET_NAME)";
				SWIFT_VERSION = 4.0;
				TARGETED_DEVICE_FAMILY = "1,2";
			};
			name = Debug;
		};
		2C4C20982093097D00DB5DAA /* Release */ = {
			isa = XCBuildConfiguration;
			buildSettings = {
				ASSETCATALOG_COMPILER_APPICON_NAME = AppIcon;
				CODE_SIGN_STYLE = Automatic;
				DEVELOPMENT_TEAM = JXCL7H2Z3W;
				INFOPLIST_FILE = LetterRecognition/SupportingFiles/Info.plist;
				LD_RUNPATH_SEARCH_PATHS = (
					"$(inherited)",
					"@executable_path/Frameworks",
				);
				PRODUCT_BUNDLE_IDENTIFIER = com.Ivan.LetterRecognition;
				PRODUCT_NAME = "$(TARGET_NAME)";
				SWIFT_VERSION = 4.0;
				TARGETED_DEVICE_FAMILY = "1,2";
			};
			name = Release;
		};
/* End XCBuildConfiguration section */

/* Begin XCConfigurationList section */
		2C4C207F2093097C00DB5DAA /* Build configuration list for PBXProject "LetterRecognition" */ = {
			isa = XCConfigurationList;
			buildConfigurations = (
				2C4C20942093097D00DB5DAA /* Debug */,
				2C4C20952093097D00DB5DAA /* Release */,
			);
			defaultConfigurationIsVisible = 0;
			defaultConfigurationName = Release;
		};
		2C4C20962093097D00DB5DAA /* Build configuration list for PBXNativeTarget "LetterRecognition" */ = {
			isa = XCConfigurationList;
			buildConfigurations = (
				2C4C20972093097D00DB5DAA /* Debug */,
				2C4C20982093097D00DB5DAA /* Release */,
			);
			defaultConfigurationIsVisible = 0;
			defaultConfigurationName = Release;
		};
/* End XCConfigurationList section */
	};
	rootObject = 2C4C207C2093097C00DB5DAA /* Project object */;
}
